
Microsoft Visual Studio Solution File, Format Version 12.00
# Visual Studio Version 17
VisualStudioVersion = 17.4.33213.308
MinimumVisualStudioVersion = 10.0.40219.1
Project("{FAE04EC0-301F-11D3-BF4B-00C04F79EFBC}") = "KnowledgeLogger.API", "src\KnowledgeLogger.API\KnowledgeLogger.API.csproj", "{529A4707-1CE7-4C0C-B1DC-4F718241738E}"
EndProject
Global
	GlobalSection(SolutionConfigurationPlatforms) = preSolution
		Debug|Any CPU = Debug|Any CPU
		Release|Any CPU = Release|Any CPU
	EndGlobalSection
	GlobalSection(ProjectConfigurationPlatforms) = postSolution
		{529A4707-1CE7-4C0C-B1DC-4F718241738E}.Debug|Any CPU.ActiveCfg = Debug|Any CPU
		{529A4707-1CE7-4C0C-B1DC-4F718241738E}.Debug|Any CPU.Build.0 = Debug|Any CPU
		{529A4707-1CE7-4C0C-B1DC-4F718241738E}.Release|Any CPU.ActiveCfg = Release|Any CPU
		{529A4707-1CE7-4C0C-B1DC-4F718241738E}.Release|Any CPU.Build.0 = Release|Any CPU
	EndGlobalSection
	GlobalSection(SolutionProperties) = preSolution
		HideSolutionNode = FALSE
	EndGlobalSection
	GlobalSection(ExtensibilityGlobals) = postSolution
		SolutionGuid = {0016BD1C-36BA-402F-BA99-C6A843C4EB8D}
	EndGlobalSection
EndGlobal
